<?xml version="1.0" encoding="utf-8"?>
<Project ToolsVersion="4.0" xmlns="http://schemas.microsoft.com/developer/msbuild/2003">
  <ItemGroup>
    <ClInclude Include="Profile.h" />
    <ClInclude Include="ProfilesManager.h" />
    <ClInclude Include="ProfileUI.h" />
    <ClInclude Include="CheckRequestsDialog.h" />
  </ItemGroup>
  <ItemGroup>
    <ClCompile Include="Profile.c" />
    <ClCompile Include="ProfileManager.c" />
    <ClCompile Include="ProfileUI.c" />
    <ClCompile Include="CheckRequestsDialog.c" />
  </ItemGroup>
</Project>