<?xml version="1.0" encoding="utf-8"?>
<Project ToolsVersion="4.0" xmlns="http://schemas.microsoft.com/developer/msbuild/2003">
  <ItemGroup>
    <ClInclude Include="User.h" />
    <ClInclude Include="Validation.h" />
    <ClInclude Include="User_list.h" />
    <ClInclude Include="ValidationUI.h" />
  </ItemGroup>
  <ItemGroup>
    <ClCompile Include="User.c" />
    <ClCompile Include="Validation.c" />
    <ClCompile Include="User_list.c" />
    <ClCompile Include="ValidationUI.c" />
  </ItemGroup>
</Project>